// !$*UTF8*$!
{
	archiveVersion = 1;
	classes = {
	};
	objectVersion = 46;
	objects = {

/* Begin PBXBuildFile section */
		81586BCE1E9F783100622E9F /* main.m in Sources */ = {isa = PBXBuildFile; fileRef = 81586BCD1E9F783100622E9F /* main.m */; };
		81586BDB1E9F7D0300622E9F /* Mechine.m in Sources */ = {isa = PBXBuildFile; fileRef = 81586BDA1E9F7D0300622E9F /* Mechine.m */; };
		81586BDF1E9F814D00622E9F /* state1.m in Sources */ = {isa = PBXBuildFile; fileRef = 81586BDE1E9F814D00622E9F /* state1.m */; };
		81586BE21E9F82A000622E9F /* state2.m in Sources */ = {isa = PBXBuildFile; fileRef = 81586BE11E9F82A000622E9F /* state2.m */; };
		81586BE51E9F832F00622E9F /* state3.m in Sources */ = {isa = PBXBuildFile; fileRef = 81586BE41E9F832F00622E9F /* state3.m */; };
/* End PBXBuildFile section */

/* Begin PBXCopyFilesBuildPhase section */
		81586BC81E9F783100622E9F /* CopyFiles */ = {
			isa = PBXCopyFilesBuildPhase;
			buildActionMask = 2147483647;
			dstPath = /usr/share/man/man1/;
			dstSubfolderSpec = 0;
			files = (
			);
			runOnlyForDeploymentPostprocessing = 1;
		};
/* End PBXCopyFilesBuildPhase section */

/* Begin PBXFileReference section */
		81586BCA1E9F783100622E9F /* 1.状态模式（state） */ = {isa = PBXFileReference; explicitFileType = "compiled.mach-o.executable"; includeInIndex = 0; path = "1.状态模式（state）"; sourceTree = BUILT_PRODUCTS_DIR; };
		81586BCD1E9F783100622E9F /* main.m */ = {isa = PBXFileReference; lastKnownFileType = sourcecode.c.objc; path = main.m; sourceTree = "<group>"; };
		81586BD81E9F7B7500622E9F /* State.h */ = {isa = PBXFileReference; lastKnownFileType = sourcecode.c.h; path = State.h; sourceTree = "<group>"; };
		81586BD91E9F7D0300622E9F /* Mechine.h */ = {isa = PBXFileReference; fileEncoding = 4; lastKnownFileType = sourcecode.c.h; path = Mechine.h; sourceTree = "<group>"; };
		81586BDA1E9F7D0300622E9F /* Mechine.m */ = {isa = PBXFileReference; fileEncoding = 4; lastKnownFileType = sourcecode.c.objc; path = Mechine.m; sourceTree = "<group>"; };
		81586BDD1E9F814D00622E9F /* state1.h */ = {isa = PBXFileReference; fileEncoding = 4; lastKnownFileType = sourcecode.c.h; path = state1.h; sourceTree = "<group>"; };
		81586BDE1E9F814D00622E9F /* state1.m */ = {isa = PBXFileReference; fileEncoding = 4; lastKnownFileType = sourcecode.c.objc; path = state1.m; sourceTree = "<group>"; };
		81586BE01E9F82A000622E9F /* state2.h */ = {isa = PBXFileReference; fileEncoding = 4; lastKnownFileType = sourcecode.c.h; path = state2.h; sourceTree = "<group>"; };
		81586BE11E9F82A000622E9F /* state2.m */ = {isa = PBXFileReference; fileEncoding = 4; lastKnownFileType = sourcecode.c.objc; path = state2.m; sourceTree = "<group>"; };
		81586BE31E9F832F00622E9F /* state3.h */ = {isa = PBXFileReference; fileEncoding = 4; lastKnownFileType = sourcecode.c.h; path = state3.h; sourceTree = "<group>"; };
		81586BE41E9F832F00622E9F /* state3.m */ = {isa = PBXFileReference; fileEncoding = 4; lastKnownFileType = sourcecode.c.objc; path = state3.m; sourceTree = "<group>"; };
/* End PBXFileReference section */

/* Begin PBXFrameworksBuildPhase section */
		81586BC71E9F783100622E9F /* Frameworks */ = {
			isa = PBXFrameworksBuildPhase;
			buildActionMask = 2147483647;
			files = (
			);
			runOnlyForDeploymentPostprocessing = 0;
		};
/* End PBXFrameworksBuildPhase section */

/* Begin PBXGroup section */
		81586BC11E9F783100622E9F = {
			isa = PBXGroup;
			children = (
				81586BCC1E9F783100622E9F /* 1.状态模式（state） */,
				81586BCB1E9F783100622E9F /* Products */,
			);
			sourceTree = "<group>";
		};
		81586BCB1E9F783100622E9F /* Products */ = {
			isa = PBXGroup;
			children = (
				81586BCA1E9F783100622E9F /* 1.状态模式（state） */,
			);
			name = Products;
			sourceTree = "<group>";
		};
		81586BCC1E9F783100622E9F /* 1.状态模式（state） */ = {
			isa = PBXGroup;
			children = (
				81586BD91E9F7D0300622E9F /* Mechine.h */,
				81586BDA1E9F7D0300622E9F /* Mechine.m */,
				81586BD81E9F7B7500622E9F /* State.h */,
				81586BDC1E9F813E00622E9F /* 状态 */,
				81586BCD1E9F783100622E9F /* main.m */,
			);
			path = "1.状态模式（state）";
			sourceTree = "<group>";
		};
		81586BDC1E9F813E00622E9F /* 状态 */ = {
			isa = PBXGroup;
			children = (
				81586BDD1E9F814D00622E9F /* state1.h */,
				81586BDE1E9F814D00622E9F /* state1.m */,
				81586BE01E9F82A000622E9F /* state2.h */,
				81586BE11E9F82A000622E9F /* state2.m */,
				81586BE31E9F832F00622E9F /* state3.h */,
				81586BE41E9F832F00622E9F /* state3.m */,
			);
			path = "状态";
			sourceTree = "<group>";
		};
/* End PBXGroup section */

/* Begin PBXNativeTarget section */
		81586BC91E9F783100622E9F /* 1.状态模式（state） */ = {
			isa = PBXNativeTarget;
			buildConfigurationList = 81586BD11E9F783100622E9F /* Build configuration list for PBXNativeTarget "1.状态模式（state）" */;
			buildPhases = (
				81586BC61E9F783100622E9F /* Sources */,
				81586BC71E9F783100622E9F /* Frameworks */,
				81586BC81E9F783100622E9F /* CopyFiles */,
			);
			buildRules = (
			);
			dependencies = (
			);
			name = "1.状态模式（state）";
			productName = "1.状态模式（state）";
			productReference = 81586BCA1E9F783100622E9F /* 1.状态模式（state） */;
			productType = "com.apple.product-type.tool";
		};
/* End PBXNativeTarget section */

/* Begin PBXProject section */
		81586BC21E9F783100622E9F /* Project object */ = {
			isa = PBXProject;
			attributes = {
				LastUpgradeCheck = 0830;
				ORGANIZATIONNAME = "朱昱丰";
				TargetAttributes = {
					81586BC91E9F783100622E9F = {
						CreatedOnToolsVersion = 8.3.1;
						DevelopmentTeam = 2B5SRBP8F4;
						ProvisioningStyle = Automatic;
					};
				};
			};
			buildConfigurationList = 81586BC51E9F783100622E9F /* Build configuration list for PBXProject "1.状态模式（state）" */;
			compatibilityVersion = "Xcode 3.2";
			developmentRegion = English;
			hasScannedForEncodings = 0;
			knownRegions = (
				en,
			);
			mainGroup = 81586BC11E9F783100622E9F;
			productRefGroup = 81586BCB1E9F783100622E9F /* Products */;
			projectDirPath = "";
			projectRoot = "";
			targets = (
				81586BC91E9F783100622E9F /* 1.状态模式（state） */,
			);
		};
/* End PBXProject section */

/* Begin PBXSourcesBuildPhase section */
		81586BC61E9F783100622E9F /* Sources */ = {
			isa = PBXSourcesBuildPhase;
			buildActionMask = 2147483647;
			files = (
				81586BCE1E9F783100622E9F /* main.m in Sources */,
				81586BDB1E9F7D0300622E9F /* Mechine.m in Sources */,
				81586BE21E9F82A000622E9F /* state2.m in Sources */,
				81586BDF1E9F814D00622E9F /* state1.m in Sources */,
				81586BE51E9F832F00622E9F /* state3.m in Sources */,
			);
			runOnlyForDeploymentPostprocessing = 0;
		};
/* End PBXSourcesBuildPhase section */

/* Begin XCBuildConfiguration section */
		81586BCF1E9F783100622E9F /* Debug */ = {
			isa = XCBuildConfiguration;
			buildSettings = {
				ALWAYS_SEARCH_USER_PATHS = NO;
				CLANG_ANALYZER_NONNULL = YES;
				CLANG_ANALYZER_NUMBER_OBJECT_CONVERSION = YES_AGGRESSIVE;
				CLANG_CXX_LANGUAGE_STANDARD = "gnu++0x";
				CLANG_CXX_LIBRARY = "libc++";
				CLANG_ENABLE_MODULES = YES;
				CLANG_ENABLE_OBJC_ARC = YES;
				CLANG_WARN_BOOL_CONVERSION = YES;
				CLANG_WARN_CONSTANT_CONVERSION = YES;
				CLANG_WARN_DIRECT_OBJC_ISA_USAGE = YES_ERROR;
				CLANG_WARN_DOCUMENTATION_COMMENTS = YES;
				CLANG_WARN_EMPTY_BODY = YES;
				CLANG_WARN_ENUM_CONVERSION = YES;
				CLANG_WARN_INFINITE_RECURSION = YES;
				CLANG_WARN_INT_CONVERSION = YES;
				CLANG_WARN_OBJC_ROOT_CLASS = YES_ERROR;
				CLANG_WARN_SUSPICIOUS_MOVE = YES;
				CLANG_WARN_UNREACHABLE_CODE = YES;
				CLANG_WARN__DUPLICATE_METHOD_MATCH = YES;
				CODE_SIGN_IDENTITY = "-";
				COPY_PHASE_STRIP = NO;
				DEBUG_INFORMATION_FORMAT = dwarf;
				ENABLE_STRICT_OBJC_MSGSEND = YES;
				ENABLE_TESTABILITY = YES;
				GCC_C_LANGUAGE_STANDARD = gnu99;
				GCC_DYNAMIC_NO_PIC = NO;
				GCC_NO_COMMON_BLOCKS = YES;
				GCC_OPTIMIZATION_LEVEL = 0;
				GCC_PREPROCESSOR_DEFINITIONS = (
					"DEBUG=1",
					"$(inherited)",
				);
				GCC_WARN_64_TO_32_BIT_CONVERSION = YES;
				GCC_WARN_ABOUT_RETURN_TYPE = YES_ERROR;
				GCC_WARN_UNDECLARED_SELECTOR = YES;
				GCC_WARN_UNINITIALIZED_AUTOS = YES_AGGRESSIVE;
				GCC_WARN_UNUSED_FUNCTION = YES;
				GCC_WARN_UNUSED_VARIABLE = YES;
				MACOSX_DEPLOYMENT_TARGET = 10.12;
				MTL_ENABLE_DEBUG_INFO = YES;
				ONLY_ACTIVE_ARCH = YES;
				SDKROOT = macosx;
			};
			name = Debug;
		};
		81586BD01E9F783100622E9F /* Release */ = {
			isa = XCBuildConfiguration;
			buildSettings = {
				ALWAYS_SEARCH_USER_PATHS = NO;
				CLANG_ANALYZER_NONNULL = YES;
				CLANG_ANALYZER_NUMBER_OBJECT_CONVERSION = YES_AGGRESSIVE;
				CLANG_CXX_LANGUAGE_STANDARD = "gnu++0x";
				CLANG_CXX_LIBRARY = "libc++";
				CLANG_ENABLE_MODULES = YES;
				CLANG_ENABLE_OBJC_ARC = YES;
				CLANG_WARN_BOOL_CONVERSION = YES;
				CLANG_WARN_CONSTANT_CONVERSION = YES;
				CLANG_WARN_DIRECT_OBJC_ISA_USAGE = YES_ERROR;
				CLANG_WARN_DOCUMENTATION_COMMENTS = YES;
				CLANG_WARN_EMPTY_BODY = YES;
				CLANG_WARN_ENUM_CONVERSION = YES;
				CLANG_WARN_INFINITE_RECURSION = YES;
				CLANG_WARN_INT_CONVERSION = YES;
				CLANG_WARN_OBJC_ROOT_CLASS = YES_ERROR;
				CLANG_WARN_SUSPICIOUS_MOVE = YES;
				CLANG_WARN_UNREACHABLE_CODE = YES;
				CLANG_WARN__DUPLICATE_METHOD_MATCH = YES;
				CODE_SIGN_IDENTITY = "-";
				COPY_PHASE_STRIP = NO;
				DEBUG_INFORMATION_FORMAT = "dwarf-with-dsym";
				ENABLE_NS_ASSERTIONS = NO;
				ENABLE_STRICT_OBJC_MSGSEND = YES;
				GCC_C_LANGUAGE_STANDARD = gnu99;
				GCC_NO_COMMON_BLOCKS = YES;
				GCC_WARN_64_TO_32_BIT_CONVERSION = YES;
				GCC_WARN_ABOUT_RETURN_TYPE = YES_ERROR;
				GCC_WARN_UNDECLARED_SELECTOR = YES;
				GCC_WARN_UNINITIALIZED_AUTOS = YES_AGGRESSIVE;
				GCC_WARN_UNUSED_FUNCTION = YES;
				GCC_WARN_UNUSED_VARIABLE = YES;
				MACOSX_DEPLOYMENT_TARGET = 10.12;
				MTL_ENABLE_DEBUG_INFO = NO;
				SDKROOT = macosx;
			};
			name = Release;
		};
		81586BD21E9F783100622E9F /* Debug */ = {
			isa = XCBuildConfiguration;
			buildSettings = {
				DEVELOPMENT_TEAM = 2B5SRBP8F4;
				PRODUCT_NAME = "$(TARGET_NAME)";
			};
			name = Debug;
		};
		81586BD31E9F783100622E9F /* Release */ = {
			isa = XCBuildConfiguration;
			buildSettings = {
				DEVELOPMENT_TEAM = 2B5SRBP8F4;
				PRODUCT_NAME = "$(TARGET_NAME)";
			};
			name = Release;
		};
/* End XCBuildConfiguration section */

/* Begin XCConfigurationList section */
		81586BC51E9F783100622E9F /* Build configuration list for PBXProject "1.状态模式（state）" */ = {
			isa = XCConfigurationList;
			buildConfigurations = (
				81586BCF1E9F783100622E9F /* Debug */,
				81586BD01E9F783100622E9F /* Release */,
			);
			defaultConfigurationIsVisible = 0;
			defaultConfigurationName = Release;
		};
		81586BD11E9F783100622E9F /* Build configuration list for PBXNativeTarget "1.状态模式（state）" */ = {
			isa = XCConfigurationList;
			buildConfigurations = (
				81586BD21E9F783100622E9F /* Debug */,
				81586BD31E9F783100622E9F /* Release */,
			);
			defaultConfigurationIsVisible = 0;
		};
/* End XCConfigurationList section */
	};
	rootObject = 81586BC21E9F783100622E9F /* Project object */;
}
